
Microsoft Visual Studio Solution File, Format Version 12.00
# Visual Studio Version 16
VisualStudioVersion = 16.0.30114.105
MinimumVisualStudioVersion = 10.0.40219.1
Project("{FAE04EC0-301F-11D3-BF4B-00C04F79EFBC}") = "CircusRestaurantTeam3", "CircusRestaurantTeam3\CircusRestaurantTeam3.csproj", "{C6228C97-51BD-41C2-8B13-E6241A680516}"
EndProject
Global
	GlobalSection(SolutionConfigurationPlatforms) = preSolution
		Debug|Any CPU = Debug|Any CPU
		Release|Any CPU = Release|Any CPU
	EndGlobalSection
	GlobalSection(ProjectConfigurationPlatforms) = postSolution
		{C6228C97-51BD-41C2-8B13-E6241A680516}.Debug|Any CPU.ActiveCfg = Debug|Any CPU
		{C6228C97-51BD-41C2-8B13-E6241A680516}.Debug|Any CPU.Build.0 = Debug|Any CPU
		{C6228C97-51BD-41C2-8B13-E6241A680516}.Release|Any CPU.ActiveCfg = Release|Any CPU
		{C6228C97-51BD-41C2-8B13-E6241A680516}.Release|Any CPU.Build.0 = Release|Any CPU
	EndGlobalSection
	GlobalSection(SolutionProperties) = preSolution
		HideSolutionNode = FALSE
	EndGlobalSection
	GlobalSection(ExtensibilityGlobals) = postSolution
		SolutionGuid = {90B15EC9-7037-4C8B-9D2F-0855ED3B8159}
	EndGlobalSection
EndGlobal
